{
    "version": 3,
    "terraform_version": "0.10.8",
    "serial": 6,
    "lineage": "7b88456a-ab83-4805-81b8-dd3b4887e50b",
    "modules": [
        {
            "path": [
                "root"
            ],
            "outputs": {},
            "resources": {},
            "depends_on": []
        },
        {
            "path": [
                "root",
                "vpc"
            ],
            "outputs": {},
            "resources": {
                "aws_internet_gateway.main-gw": {
                    "type": "aws_internet_gateway",
                    "depends_on": [
                        "aws_vpc.main"
                    ],
                    "primary": {
                        "id": "igw-f280328b",
                        "attributes": {
                            "id": "igw-f280328b",
                            "tags.%": "1",
                            "tags.Name": "MyMainGW",
                            "vpc_id": "vpc-7ebb1206"
                        },
                        "meta": {},
                        "tainted": false
                    },
                    "deposed": [],
                    "provider": ""
                },
                "aws_route_table.main-public": {
                    "type": "aws_route_table",
                    "depends_on": [
                        "aws_internet_gateway.main-gw",
                        "aws_vpc.main"
                    ],
                    "primary": {
                        "id": "rtb-8382cef9",
                        "attributes": {
                            "id": "rtb-8382cef9",
                            "propagating_vgws.#": "0",
                            "route.#": "1",
                            "route.2053535676.cidr_block": "0.0.0.0/0",
                            "route.2053535676.egress_only_gateway_id": "",
                            "route.2053535676.gateway_id": "igw-f280328b",
                            "route.2053535676.instance_id": "",
                            "route.2053535676.ipv6_cidr_block": "",
                            "route.2053535676.nat_gateway_id": "",
                            "route.2053535676.network_interface_id": "",
                            "route.2053535676.vpc_peering_connection_id": "",
                            "tags.%": "1",
                            "tags.Name": "MyMain-PublicRT",
                            "vpc_id": "vpc-7ebb1206"
                        },
                        "meta": {},
                        "tainted": false
                    },
                    "deposed": [],
                    "provider": ""
                },
                "aws_subnet.main-private.0": {
                    "type": "aws_subnet",
                    "depends_on": [
                        "aws_vpc.main",
                        "data.aws_availability_zones.az_available"
                    ],
                    "primary": {
                        "id": "subnet-b2e46fd6",
                        "attributes": {
                            "assign_ipv6_address_on_creation": "false",
                            "availability_zone": "us-east-1a",
                            "cidr_block": "10.0.3.0/24",
                            "id": "subnet-b2e46fd6",
                            "map_public_ip_on_launch": "true",
                            "tags.%": "1",
                            "tags.Name": "MyMain-private-0",
                            "vpc_id": "vpc-7ebb1206"
                        },
                        "meta": {
                            "schema_version": "1"
                        },
                        "tainted": false
                    },
                    "deposed": [],
                    "provider": ""
                },
                "aws_subnet.main-private.1": {
                    "type": "aws_subnet",
                    "depends_on": [
                        "aws_vpc.main",
                        "data.aws_availability_zones.az_available"
                    ],
                    "primary": {
                        "id": "subnet-1e0cfa31",
                        "attributes": {
                            "assign_ipv6_address_on_creation": "false",
                            "availability_zone": "us-east-1b",
                            "cidr_block": "10.0.4.0/24",
                            "id": "subnet-1e0cfa31",
                            "map_public_ip_on_launch": "true",
                            "tags.%": "1",
                            "tags.Name": "MyMain-private-1",
                            "vpc_id": "vpc-7ebb1206"
                        },
                        "meta": {
                            "schema_version": "1"
                        },
                        "tainted": false
                    },
                    "deposed": [],
                    "provider": ""
                },
                "aws_subnet.main-private.2": {
                    "type": "aws_subnet",
                    "depends_on": [
                        "aws_vpc.main",
                        "data.aws_availability_zones.az_available"
                    ],
                    "primary": {
                        "id": "subnet-db2d9d90",
                        "attributes": {
                            "assign_ipv6_address_on_creation": "false",
                            "availability_zone": "us-east-1c",
                            "cidr_block": "10.0.5.0/24",
                            "id": "subnet-db2d9d90",
                            "map_public_ip_on_launch": "true",
                            "tags.%": "1",
                            "tags.Name": "MyMain-private-2",
                            "vpc_id": "vpc-7ebb1206"
                        },
                        "meta": {
                            "schema_version": "1"
                        },
                        "tainted": false
                    },
                    "deposed": [],
                    "provider": ""
                },
                "aws_subnet.main-public.0": {
                    "type": "aws_subnet",
                    "depends_on": [
                        "aws_vpc.main",
                        "data.aws_availability_zones.az_available"
                    ],
                    "primary": {
                        "id": "subnet-5afc773e",
                        "attributes": {
                            "assign_ipv6_address_on_creation": "false",
                            "availability_zone": "us-east-1a",
                            "cidr_block": "10.0.0.0/24",
                            "id": "subnet-5afc773e",
                            "map_public_ip_on_launch": "true",
                            "tags.%": "1",
                            "tags.Name": "MyMain-public-0",
                            "vpc_id": "vpc-7ebb1206"
                        },
                        "meta": {
                            "schema_version": "1"
                        },
                        "tainted": false
                    },
                    "deposed": [],
                    "provider": ""
                },
                "aws_subnet.main-public.1": {
                    "type": "aws_subnet",
                    "depends_on": [
                        "aws_vpc.main",
                        "data.aws_availability_zones.az_available"
                    ],
                    "primary": {
                        "id": "subnet-1d0cfa32",
                        "attributes": {
                            "assign_ipv6_address_on_creation": "false",
                            "availability_zone": "us-east-1b",
                            "cidr_block": "10.0.1.0/24",
                            "id": "subnet-1d0cfa32",
                            "map_public_ip_on_launch": "true",
                            "tags.%": "1",
                            "tags.Name": "MyMain-public-1",
                            "vpc_id": "vpc-7ebb1206"
                        },
                        "meta": {
                            "schema_version": "1"
                        },
                        "tainted": false
                    },
                    "deposed": [],
                    "provider": ""
                },
                "aws_subnet.main-public.2": {
                    "type": "aws_subnet",
                    "depends_on": [
                        "aws_vpc.main",
                        "data.aws_availability_zones.az_available"
                    ],
                    "primary": {
                        "id": "subnet-522d9d19",
                        "attributes": {
                            "assign_ipv6_address_on_creation": "false",
                            "availability_zone": "us-east-1c",
                            "cidr_block": "10.0.2.0/24",
                            "id": "subnet-522d9d19",
                            "map_public_ip_on_launch": "true",
                            "tags.%": "1",
                            "tags.Name": "MyMain-public-2",
                            "vpc_id": "vpc-7ebb1206"
                        },
                        "meta": {
                            "schema_version": "1"
                        },
                        "tainted": false
                    },
                    "deposed": [],
                    "provider": ""
                },
                "aws_vpc.main": {
                    "type": "aws_vpc",
                    "depends_on": [],
                    "primary": {
                        "id": "vpc-7ebb1206",
                        "attributes": {
                            "assign_generated_ipv6_cidr_block": "false",
                            "cidr_block": "10.0.0.0/16",
                            "default_network_acl_id": "acl-977458ef",
                            "default_route_table_id": "rtb-8d82cef7",
                            "default_security_group_id": "sg-abf2dfd9",
                            "dhcp_options_id": "dopt-5059f629",
                            "enable_classiclink": "false",
                            "enable_classiclink_dns_support": "false",
                            "enable_dns_hostnames": "true",
                            "enable_dns_support": "true",
                            "id": "vpc-7ebb1206",
                            "instance_tenancy": "default",
                            "main_route_table_id": "rtb-8d82cef7",
                            "tags.%": "1",
                            "tags.Name": "MyMainVPC"
                        },
                        "meta": {
                            "schema_version": "1"
                        },
                        "tainted": false
                    },
                    "deposed": [],
                    "provider": ""
                },
                "data.aws_availability_zones.az_available": {
                    "type": "aws_availability_zones",
                    "depends_on": [],
                    "primary": {
                        "id": "2017-11-01 13:11:36.753302445 +0000 UTC",
                        "attributes": {
                            "id": "2017-11-01 13:11:36.753302445 +0000 UTC",
                            "names.#": "6",
                            "names.0": "us-east-1a",
                            "names.1": "us-east-1b",
                            "names.2": "us-east-1c",
                            "names.3": "us-east-1d",
                            "names.4": "us-east-1e",
                            "names.5": "us-east-1f"
                        },
                        "meta": {},
                        "tainted": false
                    },
                    "deposed": [],
                    "provider": ""
                }
            },
            "depends_on": []
        }
    ]
}
